PODS:
  - Adhan (1.2.0)
  - IQKeyboardManager (6.5.6)
  - PDFReader (2.5.1)
  - WWCalendarTimeSelector (1.3.13)

DEPENDENCIES:
  - Adhan
  - IQKeyboardManager
  - PDFReader
  - WWCalendarTimeSelector

SPEC REPOS:
  trunk:
    - Adhan
    - IQKeyboardManager
    - PDFReader
    - WWCalendarTimeSelector

SPEC CHECKSUMS:
  Adhan: 3cd2cd98044266acd7ed3221afe3829ef779ec8e
  IQKeyboardManager: 2a6e97afdafc7becf0cb17a9a8d795e3a980717f
  PDFReader: 2c4a845d0560f33221cf911516e3b700967680f6
  WWCalendarTimeSelector: 334f8b4ff16367d75fb9f21073203641fbd3d749

PODFILE CHECKSUM: 2e374e0e11934288509121e0ebf43ea58c268c85

COCOAPODS: 1.10.1
