// !$*UTF8*$!
{
	archiveVersion = 1;
	classes = {
	};
	objectVersion = 51;
	objects = {

/* Begin PBXBuildFile section */
		145048112598BEFF00513820 /* AppDelegate.swift in Sources */ = {isa = PBXBuildFile; fileRef = 145048102598BEFF00513820 /* AppDelegate.swift */; };
		145048152598BEFF00513820 /* AzkarElMoslemViewController.swift in Sources */ = {isa = PBXBuildFile; fileRef = 145048142598BEFF00513820 /* AzkarElMoslemViewController.swift */; };
		145048182598BEFF00513820 /* Main.storyboard in Resources */ = {isa = PBXBuildFile; fileRef = 145048162598BEFF00513820 /* Main.storyboard */; };
		1450481B2598BEFF00513820 /* Azkar.xcdatamodeld in Sources */ = {isa = PBXBuildFile; fileRef = 145048192598BEFF00513820 /* Azkar.xcdatamodeld */; };
		1450481D2598BF0100513820 /* Assets.xcassets in Resources */ = {isa = PBXBuildFile; fileRef = 1450481C2598BF0100513820 /* Assets.xcassets */; };
		145048202598BF0100513820 /* LaunchScreen.storyboard in Resources */ = {isa = PBXBuildFile; fileRef = 1450481E2598BF0100513820 /* LaunchScreen.storyboard */; };
		1450482B2598BF0100513820 /* AzkarTests.swift in Sources */ = {isa = PBXBuildFile; fileRef = 1450482A2598BF0100513820 /* AzkarTests.swift */; };
		145048362598BF0100513820 /* AzkarUITests.swift in Sources */ = {isa = PBXBuildFile; fileRef = 145048352598BF0100513820 /* AzkarUITests.swift */; };
		145048452598C79600513820 /* azkar.json in Resources */ = {isa = PBXBuildFile; fileRef = 145048442598C79600513820 /* azkar.json */; };
		145048482598C84C00513820 /* HelperMethods.swift in Sources */ = {isa = PBXBuildFile; fileRef = 145048472598C84C00513820 /* HelperMethods.swift */; };
		1450484B2598C8C700513820 /* AzkarModel.swift in Sources */ = {isa = PBXBuildFile; fileRef = 1450484A2598C8C700513820 /* AzkarModel.swift */; };
		1450484E259A7A3300513820 /* StoredData.plist in Resources */ = {isa = PBXBuildFile; fileRef = 1450484D259A7A3300513820 /* StoredData.plist */; };
		14504851259A7B0600513820 /* AddAzkarViewController.swift in Sources */ = {isa = PBXBuildFile; fileRef = 14504850259A7B0600513820 /* AddAzkarViewController.swift */; };
		14504854259A7CA000513820 /* AzkaryTableViewCell.swift in Sources */ = {isa = PBXBuildFile; fileRef = 14504853259A7CA000513820 /* AzkaryTableViewCell.swift */; };
		14504857259CB78600513820 /* UIVIEW+Extension.swift in Sources */ = {isa = PBXBuildFile; fileRef = 14504856259CB78600513820 /* UIVIEW+Extension.swift */; };
		14504863259CB9C500513820 /* Ubuntu-Medium.ttf in Resources */ = {isa = PBXBuildFile; fileRef = 14504859259CB9C500513820 /* Ubuntu-Medium.ttf */; };
		14504864259CB9C500513820 /* Cairo-SemiBold.ttf in Resources */ = {isa = PBXBuildFile; fileRef = 1450485A259CB9C500513820 /* Cairo-SemiBold.ttf */; };
		14504865259CB9C500513820 /* Ubuntu-LightItalic.ttf in Resources */ = {isa = PBXBuildFile; fileRef = 1450485B259CB9C500513820 /* Ubuntu-LightItalic.ttf */; };
		14504866259CB9C500513820 /* Ubuntu-Regular.ttf in Resources */ = {isa = PBXBuildFile; fileRef = 1450485C259CB9C500513820 /* Ubuntu-Regular.ttf */; };
		14504867259CB9C500513820 /* Ubuntu-Bold.ttf in Resources */ = {isa = PBXBuildFile; fileRef = 1450485D259CB9C500513820 /* Ubuntu-Bold.ttf */; };
		14504868259CB9C500513820 /* Cairo-Regular.ttf in Resources */ = {isa = PBXBuildFile; fileRef = 1450485E259CB9C500513820 /* Cairo-Regular.ttf */; };
		14504869259CB9C500513820 /* Ubuntu-MediumItalic.ttf in Resources */ = {isa = PBXBuildFile; fileRef = 1450485F259CB9C500513820 /* Ubuntu-MediumItalic.ttf */; };
		1450486A259CB9C500513820 /* Ubuntu-BoldItalic.ttf in Resources */ = {isa = PBXBuildFile; fileRef = 14504860259CB9C500513820 /* Ubuntu-BoldItalic.ttf */; };
		1450486B259CB9C500513820 /* Ubuntu-Italic.ttf in Resources */ = {isa = PBXBuildFile; fileRef = 14504861259CB9C500513820 /* Ubuntu-Italic.ttf */; };
		1450486C259CB9C500513820 /* Ubuntu-Light.ttf in Resources */ = {isa = PBXBuildFile; fileRef = 14504862259CB9C500513820 /* Ubuntu-Light.ttf */; };
		1450486E259CBEAD00513820 /* azkarMoslemTableViewCell.swift in Sources */ = {isa = PBXBuildFile; fileRef = 1450486D259CBEAD00513820 /* azkarMoslemTableViewCell.swift */; };
		14504870259CC5B700513820 /* azkarMoslemDetailsViewController.swift in Sources */ = {isa = PBXBuildFile; fileRef = 1450486F259CC5B700513820 /* azkarMoslemDetailsViewController.swift */; };
		14504872259CC86F00513820 /* azkarDetailsTableViewCell.swift in Sources */ = {isa = PBXBuildFile; fileRef = 14504871259CC86F00513820 /* azkarDetailsTableViewCell.swift */; };
		14504875259CFE1F00513820 /* Constants.swift in Sources */ = {isa = PBXBuildFile; fileRef = 14504873259CFE1E00513820 /* Constants.swift */; };
		14504876259CFE1F00513820 /* UserStatus.swift in Sources */ = {isa = PBXBuildFile; fileRef = 14504874259CFE1E00513820 /* UserStatus.swift */; };
		14504878259D125900513820 /* mainTabBarViewController.swift in Sources */ = {isa = PBXBuildFile; fileRef = 14504877259D125900513820 /* mainTabBarViewController.swift */; };
		14945CC225A320E400EB7B79 /* AzanViewController.swift in Sources */ = {isa = PBXBuildFile; fileRef = 14945CC125A320E400EB7B79 /* AzanViewController.swift */; };
		14945CC425A3222000EB7B79 /* SettingsViewController.swift in Sources */ = {isa = PBXBuildFile; fileRef = 14945CC325A3222000EB7B79 /* SettingsViewController.swift */; };
		14945CC625A34BB900EB7B79 /* AzanTableViewCell.swift in Sources */ = {isa = PBXBuildFile; fileRef = 14945CC525A34BB900EB7B79 /* AzanTableViewCell.swift */; };
		14BA736F25A3A6530089902F /* azan.png in Resources */ = {isa = PBXBuildFile; fileRef = 14BA736E25A3A6530089902F /* azan.png */; };
		14C68A0F25A75C8E0054F2C8 /* azan.mp3 in Resources */ = {isa = PBXBuildFile; fileRef = 14C68A0E25A75C8E0054F2C8 /* azan.mp3 */; };
		64E31DE90B76C014CA888D5F /* Pods_AzkarTests.framework in Frameworks */ = {isa = PBXBuildFile; fileRef = F37947560F7A16DA07B19FFA /* Pods_AzkarTests.framework */; };
		841830D3B6C273DE46B47E44 /* Pods_AzkarUITests.framework in Frameworks */ = {isa = PBXBuildFile; fileRef = CED17AB12883D99CA6AA524F /* Pods_AzkarUITests.framework */; };
		EDA149183B8464A1CF9C12E2 /* Pods_Azkar.framework in Frameworks */ = {isa = PBXBuildFile; fileRef = 8DEEFCC7B965249B530A574A /* Pods_Azkar.framework */; };
/* End PBXBuildFile section */

/* Begin PBXContainerItemProxy section */
		145048272598BF0100513820 /* PBXContainerItemProxy */ = {
			isa = PBXContainerItemProxy;
			containerPortal = 145048052598BEFF00513820 /* Project object */;
			proxyType = 1;
			remoteGlobalIDString = 1450480C2598BEFF00513820;
			remoteInfo = Azkar;
		};
		145048322598BF0100513820 /* PBXContainerItemProxy */ = {
			isa = PBXContainerItemProxy;
			containerPortal = 145048052598BEFF00513820 /* Project object */;
			proxyType = 1;
			remoteGlobalIDString = 1450480C2598BEFF00513820;
			remoteInfo = Azkar;
		};
/* End PBXContainerItemProxy section */

/* Begin PBXFileReference section */
		142854EEB5A5971F4CC367B0 /* Pods-AzkarTests.release.xcconfig */ = {isa = PBXFileReference; includeInIndex = 1; lastKnownFileType = text.xcconfig; name = "Pods-AzkarTests.release.xcconfig"; path = "Target Support Files/Pods-AzkarTests/Pods-AzkarTests.release.xcconfig"; sourceTree = "<group>"; };
		144C2C6C25A4817100C9E513 /* Azkar.entitlements */ = {isa = PBXFileReference; lastKnownFileType = text.plist.entitlements; path = Azkar.entitlements; sourceTree = "<group>"; };
		1450480D2598BEFF00513820 /* Azkar.app */ = {isa = PBXFileReference; explicitFileType = wrapper.application; includeInIndex = 0; path = Azkar.app; sourceTree = BUILT_PRODUCTS_DIR; };
		145048102598BEFF00513820 /* AppDelegate.swift */ = {isa = PBXFileReference; lastKnownFileType = sourcecode.swift; path = AppDelegate.swift; sourceTree = "<group>"; };
		145048142598BEFF00513820 /* AzkarElMoslemViewController.swift */ = {isa = PBXFileReference; lastKnownFileType = sourcecode.swift; path = AzkarElMoslemViewController.swift; sourceTree = "<group>"; };
		145048172598BEFF00513820 /* Base */ = {isa = PBXFileReference; lastKnownFileType = file.storyboard; name = Base; path = Base.lproj/Main.storyboard; sourceTree = "<group>"; };
		1450481A2598BEFF00513820 /* Azkar.xcdatamodel */ = {isa = PBXFileReference; lastKnownFileType = wrapper.xcdatamodel; path = Azkar.xcdatamodel; sourceTree = "<group>"; };
		1450481C2598BF0100513820 /* Assets.xcassets */ = {isa = PBXFileReference; lastKnownFileType = folder.assetcatalog; path = Assets.xcassets; sourceTree = "<group>"; };
		1450481F2598BF0100513820 /* Base */ = {isa = PBXFileReference; lastKnownFileType = file.storyboard; name = Base; path = Base.lproj/LaunchScreen.storyboard; sourceTree = "<group>"; };
		145048212598BF0100513820 /* Info.plist */ = {isa = PBXFileReference; lastKnownFileType = text.plist.xml; path = Info.plist; sourceTree = "<group>"; };
		145048262598BF0100513820 /* AzkarTests.xctest */ = {isa = PBXFileReference; explicitFileType = wrapper.cfbundle; includeInIndex = 0; path = AzkarTests.xctest; sourceTree = BUILT_PRODUCTS_DIR; };
		1450482A2598BF0100513820 /* AzkarTests.swift */ = {isa = PBXFileReference; lastKnownFileType = sourcecode.swift; path = AzkarTests.swift; sourceTree = "<group>"; };
		1450482C2598BF0100513820 /* Info.plist */ = {isa = PBXFileReference; lastKnownFileType = text.plist.xml; path = Info.plist; sourceTree = "<group>"; };
		145048312598BF0100513820 /* AzkarUITests.xctest */ = {isa = PBXFileReference; explicitFileType = wrapper.cfbundle; includeInIndex = 0; path = AzkarUITests.xctest; sourceTree = BUILT_PRODUCTS_DIR; };
		145048352598BF0100513820 /* AzkarUITests.swift */ = {isa = PBXFileReference; lastKnownFileType = sourcecode.swift; path = AzkarUITests.swift; sourceTree = "<group>"; };
		145048372598BF0100513820 /* Info.plist */ = {isa = PBXFileReference; lastKnownFileType = text.plist.xml; path = Info.plist; sourceTree = "<group>"; };
		145048442598C79600513820 /* azkar.json */ = {isa = PBXFileReference; fileEncoding = 4; lastKnownFileType = text.json; name = azkar.json; path = ../../../azkar.json; sourceTree = "<group>"; };
		145048472598C84C00513820 /* HelperMethods.swift */ = {isa = PBXFileReference; lastKnownFileType = sourcecode.swift; path = HelperMethods.swift; sourceTree = "<group>"; };
		1450484A2598C8C700513820 /* AzkarModel.swift */ = {isa = PBXFileReference; lastKnownFileType = sourcecode.swift; path = AzkarModel.swift; sourceTree = "<group>"; };
		1450484D259A7A3300513820 /* StoredData.plist */ = {isa = PBXFileReference; lastKnownFileType = text.plist.xml; path = StoredData.plist; sourceTree = "<group>"; };
		14504850259A7B0600513820 /* AddAzkarViewController.swift */ = {isa = PBXFileReference; lastKnownFileType = sourcecode.swift; path = AddAzkarViewController.swift; sourceTree = "<group>"; };
		14504853259A7CA000513820 /* AzkaryTableViewCell.swift */ = {isa = PBXFileReference; lastKnownFileType = sourcecode.swift; path = AzkaryTableViewCell.swift; sourceTree = "<group>"; };
		14504856259CB78600513820 /* UIVIEW+Extension.swift */ = {isa = PBXFileReference; fileEncoding = 4; lastKnownFileType = sourcecode.swift; path = "UIVIEW+Extension.swift"; sourceTree = "<group>"; };
		14504859259CB9C500513820 /* Ubuntu-Medium.ttf */ = {isa = PBXFileReference; lastKnownFileType = file; path = "Ubuntu-Medium.ttf"; sourceTree = "<group>"; };
		1450485A259CB9C500513820 /* Cairo-SemiBold.ttf */ = {isa = PBXFileReference; lastKnownFileType = file; path = "Cairo-SemiBold.ttf"; sourceTree = "<group>"; };
		1450485B259CB9C500513820 /* Ubuntu-LightItalic.ttf */ = {isa = PBXFileReference; lastKnownFileType = file; path = "Ubuntu-LightItalic.ttf"; sourceTree = "<group>"; };
		1450485C259CB9C500513820 /* Ubuntu-Regular.ttf */ = {isa = PBXFileReference; lastKnownFileType = file; path = "Ubuntu-Regular.ttf"; sourceTree = "<group>"; };
		1450485D259CB9C500513820 /* Ubuntu-Bold.ttf */ = {isa = PBXFileReference; lastKnownFileType = file; path = "Ubuntu-Bold.ttf"; sourceTree = "<group>"; };
		1450485E259CB9C500513820 /* Cairo-Regular.ttf */ = {isa = PBXFileReference; lastKnownFileType = file; path = "Cairo-Regular.ttf"; sourceTree = "<group>"; };
		1450485F259CB9C500513820 /* Ubuntu-MediumItalic.ttf */ = {isa = PBXFileReference; lastKnownFileType = file; path = "Ubuntu-MediumItalic.ttf"; sourceTree = "<group>"; };
		14504860259CB9C500513820 /* Ubuntu-BoldItalic.ttf */ = {isa = PBXFileReference; lastKnownFileType = file; path = "Ubuntu-BoldItalic.ttf"; sourceTree = "<group>"; };
		14504861259CB9C500513820 /* Ubuntu-Italic.ttf */ = {isa = PBXFileReference; lastKnownFileType = file; path = "Ubuntu-Italic.ttf"; sourceTree = "<group>"; };
		14504862259CB9C500513820 /* Ubuntu-Light.ttf */ = {isa = PBXFileReference; lastKnownFileType = file; path = "Ubuntu-Light.ttf"; sourceTree = "<group>"; };
		1450486D259CBEAD00513820 /* azkarMoslemTableViewCell.swift */ = {isa = PBXFileReference; lastKnownFileType = sourcecode.swift; path = azkarMoslemTableViewCell.swift; sourceTree = "<group>"; };
		1450486F259CC5B700513820 /* azkarMoslemDetailsViewController.swift */ = {isa = PBXFileReference; lastKnownFileType = sourcecode.swift; path = azkarMoslemDetailsViewController.swift; sourceTree = "<group>"; };
		14504871259CC86F00513820 /* azkarDetailsTableViewCell.swift */ = {isa = PBXFileReference; lastKnownFileType = sourcecode.swift; path = azkarDetailsTableViewCell.swift; sourceTree = "<group>"; };
		14504873259CFE1E00513820 /* Constants.swift */ = {isa = PBXFileReference; fileEncoding = 4; lastKnownFileType = sourcecode.swift; path = Constants.swift; sourceTree = "<group>"; };
		14504874259CFE1E00513820 /* UserStatus.swift */ = {isa = PBXFileReference; fileEncoding = 4; lastKnownFileType = sourcecode.swift; path = UserStatus.swift; sourceTree = "<group>"; };
		14504877259D125900513820 /* mainTabBarViewController.swift */ = {isa = PBXFileReference; lastKnownFileType = sourcecode.swift; path = mainTabBarViewController.swift; sourceTree = "<group>"; };
		14945CC125A320E400EB7B79 /* AzanViewController.swift */ = {isa = PBXFileReference; lastKnownFileType = sourcecode.swift; path = AzanViewController.swift; sourceTree = "<group>"; };
		14945CC325A3222000EB7B79 /* SettingsViewController.swift */ = {isa = PBXFileReference; lastKnownFileType = sourcecode.swift; path = SettingsViewController.swift; sourceTree = "<group>"; };
		14945CC525A34BB900EB7B79 /* AzanTableViewCell.swift */ = {isa = PBXFileReference; lastKnownFileType = sourcecode.swift; path = AzanTableViewCell.swift; sourceTree = "<group>"; };
		14BA736E25A3A6530089902F /* azan.png */ = {isa = PBXFileReference; lastKnownFileType = image.png; path = azan.png; sourceTree = "<group>"; };
		14C68A0E25A75C8E0054F2C8 /* azan.mp3 */ = {isa = PBXFileReference; lastKnownFileType = audio.mp3; path = azan.mp3; sourceTree = "<group>"; };
		203544EAF4486364FD8FB3FB /* Pods-AzkarTests.debug.xcconfig */ = {isa = PBXFileReference; includeInIndex = 1; lastKnownFileType = text.xcconfig; name = "Pods-AzkarTests.debug.xcconfig"; path = "Target Support Files/Pods-AzkarTests/Pods-AzkarTests.debug.xcconfig"; sourceTree = "<group>"; };
		8DEEFCC7B965249B530A574A /* Pods_Azkar.framework */ = {isa = PBXFileReference; explicitFileType = wrapper.framework; includeInIndex = 0; path = Pods_Azkar.framework; sourceTree = BUILT_PRODUCTS_DIR; };
		8E9BF5925CB0AEF4187792BB /* Pods-AzkarUITests.release.xcconfig */ = {isa = PBXFileReference; includeInIndex = 1; lastKnownFileType = text.xcconfig; name = "Pods-AzkarUITests.release.xcconfig"; path = "Target Support Files/Pods-AzkarUITests/Pods-AzkarUITests.release.xcconfig"; sourceTree = "<group>"; };
		928A6AB410DEA90A13043EDC /* Pods-AzkarUITests.debug.xcconfig */ = {isa = PBXFileReference; includeInIndex = 1; lastKnownFileType = text.xcconfig; name = "Pods-AzkarUITests.debug.xcconfig"; path = "Target Support Files/Pods-AzkarUITests/Pods-AzkarUITests.debug.xcconfig"; sourceTree = "<group>"; };
		AC71819AAB6C86564E1CED71 /* Pods-Azkar.debug.xcconfig */ = {isa = PBXFileReference; includeInIndex = 1; lastKnownFileType = text.xcconfig; name = "Pods-Azkar.debug.xcconfig"; path = "Target Support Files/Pods-Azkar/Pods-Azkar.debug.xcconfig"; sourceTree = "<group>"; };
		CED17AB12883D99CA6AA524F /* Pods_AzkarUITests.framework */ = {isa = PBXFileReference; explicitFileType = wrapper.framework; includeInIndex = 0; path = Pods_AzkarUITests.framework; sourceTree = BUILT_PRODUCTS_DIR; };
		F37947560F7A16DA07B19FFA /* Pods_AzkarTests.framework */ = {isa = PBXFileReference; explicitFileType = wrapper.framework; includeInIndex = 0; path = Pods_AzkarTests.framework; sourceTree = BUILT_PRODUCTS_DIR; };
		F72E2F625E0871322C0CA8CC /* Pods-Azkar.release.xcconfig */ = {isa = PBXFileReference; includeInIndex = 1; lastKnownFileType = text.xcconfig; name = "Pods-Azkar.release.xcconfig"; path = "Target Support Files/Pods-Azkar/Pods-Azkar.release.xcconfig"; sourceTree = "<group>"; };
/* End PBXFileReference section */

/* Begin PBXFrameworksBuildPhase section */
		1450480A2598BEFF00513820 /* Frameworks */ = {
			isa = PBXFrameworksBuildPhase;
			buildActionMask = 2147483647;
			files = (
				EDA149183B8464A1CF9C12E2 /* Pods_Azkar.framework in Frameworks */,
			);
			runOnlyForDeploymentPostprocessing = 0;
		};
		145048232598BF0100513820 /* Frameworks */ = {
			isa = PBXFrameworksBuildPhase;
			buildActionMask = 2147483647;
			files = (
				64E31DE90B76C014CA888D5F /* Pods_AzkarTests.framework in Frameworks */,
			);
			runOnlyForDeploymentPostprocessing = 0;
		};
		1450482E2598BF0100513820 /* Frameworks */ = {
			isa = PBXFrameworksBuildPhase;
			buildActionMask = 2147483647;
			files = (
				841830D3B6C273DE46B47E44 /* Pods_AzkarUITests.framework in Frameworks */,
			);
			runOnlyForDeploymentPostprocessing = 0;
		};
/* End PBXFrameworksBuildPhase section */

/* Begin PBXGroup section */
		08A54C9859B5F76358159352 /* Frameworks */ = {
			isa = PBXGroup;
			children = (
				8DEEFCC7B965249B530A574A /* Pods_Azkar.framework */,
				F37947560F7A16DA07B19FFA /* Pods_AzkarTests.framework */,
				CED17AB12883D99CA6AA524F /* Pods_AzkarUITests.framework */,
			);
			name = Frameworks;
			sourceTree = "<group>";
		};
		145048042598BEFF00513820 = {
			isa = PBXGroup;
			children = (
				1450480F2598BEFF00513820 /* Azkar */,
				145048292598BF0100513820 /* AzkarTests */,
				145048342598BF0100513820 /* AzkarUITests */,
				1450480E2598BEFF00513820 /* Products */,
				37350C39A7112162AEAFD488 /* Pods */,
				08A54C9859B5F76358159352 /* Frameworks */,
			);
			sourceTree = "<group>";
		};
		1450480E2598BEFF00513820 /* Products */ = {
			isa = PBXGroup;
			children = (
				1450480D2598BEFF00513820 /* Azkar.app */,
				145048262598BF0100513820 /* AzkarTests.xctest */,
				145048312598BF0100513820 /* AzkarUITests.xctest */,
			);
			name = Products;
			sourceTree = "<group>";
		};
		1450480F2598BEFF00513820 /* Azkar */ = {
			isa = PBXGroup;
			children = (
				144C2C6C25A4817100C9E513 /* Azkar.entitlements */,
				1450484D259A7A3300513820 /* StoredData.plist */,
				14504855259CB76700513820 /* Extensions */,
				14504852259A7C8000513820 /* Cells */,
				145048492598C8A900513820 /* Models */,
				145048462598C81500513820 /* HelperMehods */,
				145048432598C78100513820 /* Resources */,
				145048102598BEFF00513820 /* AppDelegate.swift */,
				1450484F259A7AD400513820 /* ViewControllers */,
				145048162598BEFF00513820 /* Main.storyboard */,
				1450481C2598BF0100513820 /* Assets.xcassets */,
				1450481E2598BF0100513820 /* LaunchScreen.storyboard */,
				145048212598BF0100513820 /* Info.plist */,
				145048192598BEFF00513820 /* Azkar.xcdatamodeld */,
			);
			path = Azkar;
			sourceTree = "<group>";
		};
		145048292598BF0100513820 /* AzkarTests */ = {
			isa = PBXGroup;
			children = (
				1450482A2598BF0100513820 /* AzkarTests.swift */,
				1450482C2598BF0100513820 /* Info.plist */,
			);
			path = AzkarTests;
			sourceTree = "<group>";
		};
		145048342598BF0100513820 /* AzkarUITests */ = {
			isa = PBXGroup;
			children = (
				145048352598BF0100513820 /* AzkarUITests.swift */,
				145048372598BF0100513820 /* Info.plist */,
			);
			path = AzkarUITests;
			sourceTree = "<group>";
		};
		145048432598C78100513820 /* Resources */ = {
			isa = PBXGroup;
			children = (
				14C68A0E25A75C8E0054F2C8 /* azan.mp3 */,
				14BA736E25A3A6530089902F /* azan.png */,
				14504858259CB9C500513820 /* FONT */,
				145048442598C79600513820 /* azkar.json */,
			);
			path = Resources;
			sourceTree = "<group>";
		};
		145048462598C81500513820 /* HelperMehods */ = {
			isa = PBXGroup;
			children = (
				14504873259CFE1E00513820 /* Constants.swift */,
				14504874259CFE1E00513820 /* UserStatus.swift */,
				145048472598C84C00513820 /* HelperMethods.swift */,
			);
			path = HelperMehods;
			sourceTree = "<group>";
		};
		145048492598C8A900513820 /* Models */ = {
			isa = PBXGroup;
			children = (
				1450484A2598C8C700513820 /* AzkarModel.swift */,
			);
			path = Models;
			sourceTree = "<group>";
		};
		1450484F259A7AD400513820 /* ViewControllers */ = {
			isa = PBXGroup;
			children = (
				145048142598BEFF00513820 /* AzkarElMoslemViewController.swift */,
				1450486F259CC5B700513820 /* azkarMoslemDetailsViewController.swift */,
				14504850259A7B0600513820 /* AddAzkarViewController.swift */,
				14504877259D125900513820 /* mainTabBarViewController.swift */,
				14945CC125A320E400EB7B79 /* AzanViewController.swift */,
				14945CC325A3222000EB7B79 /* SettingsViewController.swift */,
			);
			path = ViewControllers;
			sourceTree = "<group>";
		};
		14504852259A7C8000513820 /* Cells */ = {
			isa = PBXGroup;
			children = (
				14504853259A7CA000513820 /* AzkaryTableViewCell.swift */,
				1450486D259CBEAD00513820 /* azkarMoslemTableViewCell.swift */,
				14504871259CC86F00513820 /* azkarDetailsTableViewCell.swift */,
				14945CC525A34BB900EB7B79 /* AzanTableViewCell.swift */,
			);
			path = Cells;
			sourceTree = "<group>";
		};
		14504855259CB76700513820 /* Extensions */ = {
			isa = PBXGroup;
			children = (
				14504856259CB78600513820 /* UIVIEW+Extension.swift */,
			);
			path = Extensions;
			sourceTree = "<group>";
		};
		14504858259CB9C500513820 /* FONT */ = {
			isa = PBXGroup;
			children = (
				14504859259CB9C500513820 /* Ubuntu-Medium.ttf */,
				1450485A259CB9C500513820 /* Cairo-SemiBold.ttf */,
				1450485B259CB9C500513820 /* Ubuntu-LightItalic.ttf */,
				1450485C259CB9C500513820 /* Ubuntu-Regular.ttf */,
				1450485D259CB9C500513820 /* Ubuntu-Bold.ttf */,
				1450485E259CB9C500513820 /* Cairo-Regular.ttf */,
				1450485F259CB9C500513820 /* Ubuntu-MediumItalic.ttf */,
				14504860259CB9C500513820 /* Ubuntu-BoldItalic.ttf */,
				14504861259CB9C500513820 /* Ubuntu-Italic.ttf */,
				14504862259CB9C500513820 /* Ubuntu-Light.ttf */,
			);
			path = FONT;
			sourceTree = "<group>";
		};
		37350C39A7112162AEAFD488 /* Pods */ = {
			isa = PBXGroup;
			children = (
				AC71819AAB6C86564E1CED71 /* Pods-Azkar.debug.xcconfig */,
				F72E2F625E0871322C0CA8CC /* Pods-Azkar.release.xcconfig */,
				203544EAF4486364FD8FB3FB /* Pods-AzkarTests.debug.xcconfig */,
				142854EEB5A5971F4CC367B0 /* Pods-AzkarTests.release.xcconfig */,
				928A6AB410DEA90A13043EDC /* Pods-AzkarUITests.debug.xcconfig */,
				8E9BF5925CB0AEF4187792BB /* Pods-AzkarUITests.release.xcconfig */,
			);
			path = Pods;
			sourceTree = "<group>";
		};
/* End PBXGroup section */

/* Begin PBXNativeTarget section */
		1450480C2598BEFF00513820 /* Azkar */ = {
			isa = PBXNativeTarget;
			buildConfigurationList = 1450483A2598BF0100513820 /* Build configuration list for PBXNativeTarget "Azkar" */;
			buildPhases = (
				420C93D0450FD777A19C28A9 /* [CP] Check Pods Manifest.lock */,
				145048092598BEFF00513820 /* Sources */,
				1450480A2598BEFF00513820 /* Frameworks */,
				1450480B2598BEFF00513820 /* Resources */,
				0D663B6F36829ABC47A96B9D /* [CP] Embed Pods Frameworks */,
			);
			buildRules = (
			);
			dependencies = (
			);
			name = Azkar;
			productName = Azkar;
			productReference = 1450480D2598BEFF00513820 /* Azkar.app */;
			productType = "com.apple.product-type.application";
		};
		145048252598BF0100513820 /* AzkarTests */ = {
			isa = PBXNativeTarget;
			buildConfigurationList = 1450483D2598BF0100513820 /* Build configuration list for PBXNativeTarget "AzkarTests" */;
			buildPhases = (
				C11819FA3127A35C7BD3C438 /* [CP] Check Pods Manifest.lock */,
				145048222598BF0100513820 /* Sources */,
				145048232598BF0100513820 /* Frameworks */,
				145048242598BF0100513820 /* Resources */,
			);
			buildRules = (
			);
			dependencies = (
				145048282598BF0100513820 /* PBXTargetDependency */,
			);
			name = AzkarTests;
			productName = AzkarTests;
			productReference = 145048262598BF0100513820 /* AzkarTests.xctest */;
			productType = "com.apple.product-type.bundle.unit-test";
		};
		145048302598BF0100513820 /* AzkarUITests */ = {
			isa = PBXNativeTarget;
			buildConfigurationList = 145048402598BF0100513820 /* Build configuration list for PBXNativeTarget "AzkarUITests" */;
			buildPhases = (
				B5D9EC803548ADEE91F0DD15 /* [CP] Check Pods Manifest.lock */,
				1450482D2598BF0100513820 /* Sources */,
				1450482E2598BF0100513820 /* Frameworks */,
				1450482F2598BF0100513820 /* Resources */,
			);
			buildRules = (
			);
			dependencies = (
				145048332598BF0100513820 /* PBXTargetDependency */,
			);
			name = AzkarUITests;
			productName = AzkarUITests;
			productReference = 145048312598BF0100513820 /* AzkarUITests.xctest */;
			productType = "com.apple.product-type.bundle.ui-testing";
		};
/* End PBXNativeTarget section */

/* Begin PBXProject section */
		145048052598BEFF00513820 /* Project object */ = {
			isa = PBXProject;
			attributes = {
				LastSwiftUpdateCheck = 1130;
				LastUpgradeCheck = 1130;
				ORGANIZATIONNAME = Kareem;
				TargetAttributes = {
					1450480C2598BEFF00513820 = {
						CreatedOnToolsVersion = 11.3.1;
					};
					145048252598BF0100513820 = {
						CreatedOnToolsVersion = 11.3.1;
						TestTargetID = 1450480C2598BEFF00513820;
					};
					145048302598BF0100513820 = {
						CreatedOnToolsVersion = 11.3.1;
						TestTargetID = 1450480C2598BEFF00513820;
					};
				};
			};
			buildConfigurationList = 145048082598BEFF00513820 /* Build configuration list for PBXProject "Azkar" */;
			compatibilityVersion = "Xcode 9.3";
			developmentRegion = en;
			hasScannedForEncodings = 0;
			knownRegions = (
				en,
				Base,
			);
			mainGroup = 145048042598BEFF00513820;
			productRefGroup = 1450480E2598BEFF00513820 /* Products */;
			projectDirPath = "";
			projectRoot = "";
			targets = (
				1450480C2598BEFF00513820 /* Azkar */,
				145048252598BF0100513820 /* AzkarTests */,
				145048302598BF0100513820 /* AzkarUITests */,
			);
		};
/* End PBXProject section */

/* Begin PBXResourcesBuildPhase section */
		1450480B2598BEFF00513820 /* Resources */ = {
			isa = PBXResourcesBuildPhase;
			buildActionMask = 2147483647;
			files = (
				14504867259CB9C500513820 /* Ubuntu-Bold.ttf in Resources */,
				14504865259CB9C500513820 /* Ubuntu-LightItalic.ttf in Resources */,
				14C68A0F25A75C8E0054F2C8 /* azan.mp3 in Resources */,
				14504869259CB9C500513820 /* Ubuntu-MediumItalic.ttf in Resources */,
				1450486B259CB9C500513820 /* Ubuntu-Italic.ttf in Resources */,
				1450484E259A7A3300513820 /* StoredData.plist in Resources */,
				14BA736F25A3A6530089902F /* azan.png in Resources */,
				145048202598BF0100513820 /* LaunchScreen.storyboard in Resources */,
				14504863259CB9C500513820 /* Ubuntu-Medium.ttf in Resources */,
				1450486C259CB9C500513820 /* Ubuntu-Light.ttf in Resources */,
				1450481D2598BF0100513820 /* Assets.xcassets in Resources */,
				14504868259CB9C500513820 /* Cairo-Regular.ttf in Resources */,
				145048182598BEFF00513820 /* Main.storyboard in Resources */,
				1450486A259CB9C500513820 /* Ubuntu-BoldItalic.ttf in Resources */,
				14504866259CB9C500513820 /* Ubuntu-Regular.ttf in Resources */,
				145048452598C79600513820 /* azkar.json in Resources */,
				14504864259CB9C500513820 /* Cairo-SemiBold.ttf in Resources */,
			);
			runOnlyForDeploymentPostprocessing = 0;
		};
		145048242598BF0100513820 /* Resources */ = {
			isa = PBXResourcesBuildPhase;
			buildActionMask = 2147483647;
			files = (
			);
			runOnlyForDeploymentPostprocessing = 0;
		};
		1450482F2598BF0100513820 /* Resources */ = {
			isa = PBXResourcesBuildPhase;
			buildActionMask = 2147483647;
			files = (
			);
			runOnlyForDeploymentPostprocessing = 0;
		};
/* End PBXResourcesBuildPhase section */

/* Begin PBXShellScriptBuildPhase section */
		0D663B6F36829ABC47A96B9D /* [CP] Embed Pods Frameworks */ = {
			isa = PBXShellScriptBuildPhase;
			buildActionMask = 2147483647;
			files = (
			);
			inputFileListPaths = (
				"${PODS_ROOT}/Target Support Files/Pods-Azkar/Pods-Azkar-frameworks-${CONFIGURATION}-input-files.xcfilelist",
			);
			name = "[CP] Embed Pods Frameworks";
			outputFileListPaths = (
				"${PODS_ROOT}/Target Support Files/Pods-Azkar/Pods-Azkar-frameworks-${CONFIGURATION}-output-files.xcfilelist",
			);
			runOnlyForDeploymentPostprocessing = 0;
			shellPath = /bin/sh;
			shellScript = "\"${PODS_ROOT}/Target Support Files/Pods-Azkar/Pods-Azkar-frameworks.sh\"\n";
			showEnvVarsInLog = 0;
		};
		420C93D0450FD777A19C28A9 /* [CP] Check Pods Manifest.lock */ = {
			isa = PBXShellScriptBuildPhase;
			buildActionMask = 2147483647;
			files = (
			);
			inputFileListPaths = (
			);
			inputPaths = (
				"${PODS_PODFILE_DIR_PATH}/Podfile.lock",
				"${PODS_ROOT}/Manifest.lock",
			);
			name = "[CP] Check Pods Manifest.lock";
			outputFileListPaths = (
			);
			outputPaths = (
				"$(DERIVED_FILE_DIR)/Pods-Azkar-checkManifestLockResult.txt",
			);
			runOnlyForDeploymentPostprocessing = 0;
			shellPath = /bin/sh;
			shellScript = "diff \"${PODS_PODFILE_DIR_PATH}/Podfile.lock\" \"${PODS_ROOT}/Manifest.lock\" > /dev/null\nif [ $? != 0 ] ; then\n    # print error to STDERR\n    echo \"error: The sandbox is not in sync with the Podfile.lock. Run 'pod install' or update your CocoaPods installation.\" >&2\n    exit 1\nfi\n# This output is used by Xcode 'outputs' to avoid re-running this script phase.\necho \"SUCCESS\" > \"${SCRIPT_OUTPUT_FILE_0}\"\n";
			showEnvVarsInLog = 0;
		};
		B5D9EC803548ADEE91F0DD15 /* [CP] Check Pods Manifest.lock */ = {
			isa = PBXShellScriptBuildPhase;
			buildActionMask = 2147483647;
			files = (
			);
			inputFileListPaths = (
			);
			inputPaths = (
				"${PODS_PODFILE_DIR_PATH}/Podfile.lock",
				"${PODS_ROOT}/Manifest.lock",
			);
			name = "[CP] Check Pods Manifest.lock";
			outputFileListPaths = (
			);
			outputPaths = (
				"$(DERIVED_FILE_DIR)/Pods-AzkarUITests-checkManifestLockResult.txt",
			);
			runOnlyForDeploymentPostprocessing = 0;
			shellPath = /bin/sh;
			shellScript = "diff \"${PODS_PODFILE_DIR_PATH}/Podfile.lock\" \"${PODS_ROOT}/Manifest.lock\" > /dev/null\nif [ $? != 0 ] ; then\n    # print error to STDERR\n    echo \"error: The sandbox is not in sync with the Podfile.lock. Run 'pod install' or update your CocoaPods installation.\" >&2\n    exit 1\nfi\n# This output is used by Xcode 'outputs' to avoid re-running this script phase.\necho \"SUCCESS\" > \"${SCRIPT_OUTPUT_FILE_0}\"\n";
			showEnvVarsInLog = 0;
		};
		C11819FA3127A35C7BD3C438 /* [CP] Check Pods Manifest.lock */ = {
			isa = PBXShellScriptBuildPhase;
			buildActionMask = 2147483647;
			files = (
			);
			inputFileListPaths = (
			);
			inputPaths = (
				"${PODS_PODFILE_DIR_PATH}/Podfile.lock",
				"${PODS_ROOT}/Manifest.lock",
			);
			name = "[CP] Check Pods Manifest.lock";
			outputFileListPaths = (
			);
			outputPaths = (
				"$(DERIVED_FILE_DIR)/Pods-AzkarTests-checkManifestLockResult.txt",
			);
			runOnlyForDeploymentPostprocessing = 0;
			shellPath = /bin/sh;
			shellScript = "diff \"${PODS_PODFILE_DIR_PATH}/Podfile.lock\" \"${PODS_ROOT}/Manifest.lock\" > /dev/null\nif [ $? != 0 ] ; then\n    # print error to STDERR\n    echo \"error: The sandbox is not in sync with the Podfile.lock. Run 'pod install' or update your CocoaPods installation.\" >&2\n    exit 1\nfi\n# This output is used by Xcode 'outputs' to avoid re-running this script phase.\necho \"SUCCESS\" > \"${SCRIPT_OUTPUT_FILE_0}\"\n";
			showEnvVarsInLog = 0;
		};
/* End PBXShellScriptBuildPhase section */

/* Begin PBXSourcesBuildPhase section */
		145048092598BEFF00513820 /* Sources */ = {
			isa = PBXSourcesBuildPhase;
			buildActionMask = 2147483647;
			files = (
				14504876259CFE1F00513820 /* UserStatus.swift in Sources */,
				14504872259CC86F00513820 /* azkarDetailsTableViewCell.swift in Sources */,
				14504878259D125900513820 /* mainTabBarViewController.swift in Sources */,
				14504851259A7B0600513820 /* AddAzkarViewController.swift in Sources */,
				14504857259CB78600513820 /* UIVIEW+Extension.swift in Sources */,
				1450486E259CBEAD00513820 /* azkarMoslemTableViewCell.swift in Sources */,
				14504854259A7CA000513820 /* AzkaryTableViewCell.swift in Sources */,
				145048152598BEFF00513820 /* AzkarElMoslemViewController.swift in Sources */,
				145048112598BEFF00513820 /* AppDelegate.swift in Sources */,
				14504875259CFE1F00513820 /* Constants.swift in Sources */,
				145048482598C84C00513820 /* HelperMethods.swift in Sources */,
				14945CC625A34BB900EB7B79 /* AzanTableViewCell.swift in Sources */,
				1450484B2598C8C700513820 /* AzkarModel.swift in Sources */,
				14945CC425A3222000EB7B79 /* SettingsViewController.swift in Sources */,
				14945CC225A320E400EB7B79 /* AzanViewController.swift in Sources */,
				14504870259CC5B700513820 /* azkarMoslemDetailsViewController.swift in Sources */,
				1450481B2598BEFF00513820 /* Azkar.xcdatamodeld in Sources */,
			);
			runOnlyForDeploymentPostprocessing = 0;
		};
		145048222598BF0100513820 /* Sources */ = {
			isa = PBXSourcesBuildPhase;
			buildActionMask = 2147483647;
			files = (
				1450482B2598BF0100513820 /* AzkarTests.swift in Sources */,
			);
			runOnlyForDeploymentPostprocessing = 0;
		};
		1450482D2598BF0100513820 /* Sources */ = {
			isa = PBXSourcesBuildPhase;
			buildActionMask = 2147483647;
			files = (
				145048362598BF0100513820 /* AzkarUITests.swift in Sources */,
			);
			runOnlyForDeploymentPostprocessing = 0;
		};
/* End PBXSourcesBuildPhase section */

/* Begin PBXTargetDependency section */
		145048282598BF0100513820 /* PBXTargetDependency */ = {
			isa = PBXTargetDependency;
			target = 1450480C2598BEFF00513820 /* Azkar */;
			targetProxy = 145048272598BF0100513820 /* PBXContainerItemProxy */;
		};
		145048332598BF0100513820 /* PBXTargetDependency */ = {
			isa = PBXTargetDependency;
			target = 1450480C2598BEFF00513820 /* Azkar */;
			targetProxy = 145048322598BF0100513820 /* PBXContainerItemProxy */;
		};
/* End PBXTargetDependency section */

/* Begin PBXVariantGroup section */
		145048162598BEFF00513820 /* Main.storyboard */ = {
			isa = PBXVariantGroup;
			children = (
				145048172598BEFF00513820 /* Base */,
			);
			name = Main.storyboard;
			sourceTree = "<group>";
		};
		1450481E2598BF0100513820 /* LaunchScreen.storyboard */ = {
			isa = PBXVariantGroup;
			children = (
				1450481F2598BF0100513820 /* Base */,
			);
			name = LaunchScreen.storyboard;
			sourceTree = "<group>";
		};
/* End PBXVariantGroup section */

/* Begin XCBuildConfiguration section */
		145048382598BF0100513820 /* Debug */ = {
			isa = XCBuildConfiguration;
			buildSettings = {
				ALWAYS_SEARCH_USER_PATHS = NO;
				CLANG_ANALYZER_NONNULL = YES;
				CLANG_ANALYZER_NUMBER_OBJECT_CONVERSION = YES_AGGRESSIVE;
				CLANG_CXX_LANGUAGE_STANDARD = "gnu++14";
				CLANG_CXX_LIBRARY = "libc++";
				CLANG_ENABLE_MODULES = YES;
				CLANG_ENABLE_OBJC_ARC = YES;
				CLANG_ENABLE_OBJC_WEAK = YES;
				CLANG_WARN_BLOCK_CAPTURE_AUTORELEASING = YES;
				CLANG_WARN_BOOL_CONVERSION = YES;
				CLANG_WARN_COMMA = YES;
				CLANG_WARN_CONSTANT_CONVERSION = YES;
				CLANG_WARN_DEPRECATED_OBJC_IMPLEMENTATIONS = YES;
				CLANG_WARN_DIRECT_OBJC_ISA_USAGE = YES_ERROR;
				CLANG_WARN_DOCUMENTATION_COMMENTS = YES;
				CLANG_WARN_EMPTY_BODY = YES;
				CLANG_WARN_ENUM_CONVERSION = YES;
				CLANG_WARN_INFINITE_RECURSION = YES;
				CLANG_WARN_INT_CONVERSION = YES;
				CLANG_WARN_NON_LITERAL_NULL_CONVERSION = YES;
				CLANG_WARN_OBJC_IMPLICIT_RETAIN_SELF = YES;
				CLANG_WARN_OBJC_LITERAL_CONVERSION = YES;
				CLANG_WARN_OBJC_ROOT_CLASS = YES_ERROR;
				CLANG_WARN_RANGE_LOOP_ANALYSIS = YES;
				CLANG_WARN_STRICT_PROTOTYPES = YES;
				CLANG_WARN_SUSPICIOUS_MOVE = YES;
				CLANG_WARN_UNGUARDED_AVAILABILITY = YES_AGGRESSIVE;
				CLANG_WARN_UNREACHABLE_CODE = YES;
				CLANG_WARN__DUPLICATE_METHOD_MATCH = YES;
				COPY_PHASE_STRIP = NO;
				DEBUG_INFORMATION_FORMAT = dwarf;
				ENABLE_STRICT_OBJC_MSGSEND = YES;
				ENABLE_TESTABILITY = YES;
				GCC_C_LANGUAGE_STANDARD = gnu11;
				GCC_DYNAMIC_NO_PIC = NO;
				GCC_NO_COMMON_BLOCKS = YES;
				GCC_OPTIMIZATION_LEVEL = 0;
				GCC_PREPROCESSOR_DEFINITIONS = (
					"DEBUG=1",
					"$(inherited)",
				);
				GCC_WARN_64_TO_32_BIT_CONVERSION = YES;
				GCC_WARN_ABOUT_RETURN_TYPE = YES_ERROR;
				GCC_WARN_UNDECLARED_SELECTOR = YES;
				GCC_WARN_UNINITIALIZED_AUTOS = YES_AGGRESSIVE;
				GCC_WARN_UNUSED_FUNCTION = YES;
				GCC_WARN_UNUSED_VARIABLE = YES;
				IPHONEOS_DEPLOYMENT_TARGET = 13.2;
				MTL_ENABLE_DEBUG_INFO = INCLUDE_SOURCE;
				MTL_FAST_MATH = YES;
				ONLY_ACTIVE_ARCH = YES;
				SDKROOT = iphoneos;
				SWIFT_ACTIVE_COMPILATION_CONDITIONS = DEBUG;
				SWIFT_OPTIMIZATION_LEVEL = "-Onone";
			};
			name = Debug;
		};
		145048392598BF0100513820 /* Release */ = {
			isa = XCBuildConfiguration;
			buildSettings = {
				ALWAYS_SEARCH_USER_PATHS = NO;
				CLANG_ANALYZER_NONNULL = YES;
				CLANG_ANALYZER_NUMBER_OBJECT_CONVERSION = YES_AGGRESSIVE;
				CLANG_CXX_LANGUAGE_STANDARD = "gnu++14";
				CLANG_CXX_LIBRARY = "libc++";
				CLANG_ENABLE_MODULES = YES;
				CLANG_ENABLE_OBJC_ARC = YES;
				CLANG_ENABLE_OBJC_WEAK = YES;
				CLANG_WARN_BLOCK_CAPTURE_AUTORELEASING = YES;
				CLANG_WARN_BOOL_CONVERSION = YES;
				CLANG_WARN_COMMA = YES;
				CLANG_WARN_CONSTANT_CONVERSION = YES;
				CLANG_WARN_DEPRECATED_OBJC_IMPLEMENTATIONS = YES;
				CLANG_WARN_DIRECT_OBJC_ISA_USAGE = YES_ERROR;
				CLANG_WARN_DOCUMENTATION_COMMENTS = YES;
				CLANG_WARN_EMPTY_BODY = YES;
				CLANG_WARN_ENUM_CONVERSION = YES;
				CLANG_WARN_INFINITE_RECURSION = YES;
				CLANG_WARN_INT_CONVERSION = YES;
				CLANG_WARN_NON_LITERAL_NULL_CONVERSION = YES;
				CLANG_WARN_OBJC_IMPLICIT_RETAIN_SELF = YES;
				CLANG_WARN_OBJC_LITERAL_CONVERSION = YES;
				CLANG_WARN_OBJC_ROOT_CLASS = YES_ERROR;
				CLANG_WARN_RANGE_LOOP_ANALYSIS = YES;
				CLANG_WARN_STRICT_PROTOTYPES = YES;
				CLANG_WARN_SUSPICIOUS_MOVE = YES;
				CLANG_WARN_UNGUARDED_AVAILABILITY = YES_AGGRESSIVE;
				CLANG_WARN_UNREACHABLE_CODE = YES;
				CLANG_WARN__DUPLICATE_METHOD_MATCH = YES;
				COPY_PHASE_STRIP = NO;
				DEBUG_INFORMATION_FORMAT = "dwarf-with-dsym";
				ENABLE_NS_ASSERTIONS = NO;
				ENABLE_STRICT_OBJC_MSGSEND = YES;
				GCC_C_LANGUAGE_STANDARD = gnu11;
				GCC_NO_COMMON_BLOCKS = YES;
				GCC_WARN_64_TO_32_BIT_CONVERSION = YES;
				GCC_WARN_ABOUT_RETURN_TYPE = YES_ERROR;
				GCC_WARN_UNDECLARED_SELECTOR = YES;
				GCC_WARN_UNINITIALIZED_AUTOS = YES_AGGRESSIVE;
				GCC_WARN_UNUSED_FUNCTION = YES;
				GCC_WARN_UNUSED_VARIABLE = YES;
				IPHONEOS_DEPLOYMENT_TARGET = 13.2;
				MTL_ENABLE_DEBUG_INFO = NO;
				MTL_FAST_MATH = YES;
				SDKROOT = iphoneos;
				SWIFT_COMPILATION_MODE = wholemodule;
				SWIFT_OPTIMIZATION_LEVEL = "-O";
				VALIDATE_PRODUCT = YES;
			};
			name = Release;
		};
		1450483B2598BF0100513820 /* Debug */ = {
			isa = XCBuildConfiguration;
			baseConfigurationReference = AC71819AAB6C86564E1CED71 /* Pods-Azkar.debug.xcconfig */;
			buildSettings = {
				ASSETCATALOG_COMPILER_APPICON_NAME = AppIcon;
				CODE_SIGN_ENTITLEMENTS = Azkar/Azkar.entitlements;
				CODE_SIGN_STYLE = Automatic;
				DEVELOPMENT_TEAM = J27VTRWJ7B;
				INFOPLIST_FILE = Azkar/Info.plist;
				LD_RUNPATH_SEARCH_PATHS = (
					"$(inherited)",
					"@executable_path/Frameworks",
				);
				PRODUCT_BUNDLE_IDENTIFIER = com.zeidex.Azkar;
				PRODUCT_NAME = "$(TARGET_NAME)";
				SWIFT_VERSION = 5.0;
				TARGETED_DEVICE_FAMILY = "1,2";
			};
			name = Debug;
		};
		1450483C2598BF0100513820 /* Release */ = {
			isa = XCBuildConfiguration;
			baseConfigurationReference = F72E2F625E0871322C0CA8CC /* Pods-Azkar.release.xcconfig */;
			buildSettings = {
				ASSETCATALOG_COMPILER_APPICON_NAME = AppIcon;
				CODE_SIGN_ENTITLEMENTS = Azkar/Azkar.entitlements;
				CODE_SIGN_STYLE = Automatic;
				DEVELOPMENT_TEAM = J27VTRWJ7B;
				INFOPLIST_FILE = Azkar/Info.plist;
				LD_RUNPATH_SEARCH_PATHS = (
					"$(inherited)",
					"@executable_path/Frameworks",
				);
				PRODUCT_BUNDLE_IDENTIFIER = com.zeidex.Azkar;
				PRODUCT_NAME = "$(TARGET_NAME)";
				SWIFT_VERSION = 5.0;
				TARGETED_DEVICE_FAMILY = "1,2";
			};
			name = Release;
		};
		1450483E2598BF0100513820 /* Debug */ = {
			isa = XCBuildConfiguration;
			baseConfigurationReference = 203544EAF4486364FD8FB3FB /* Pods-AzkarTests.debug.xcconfig */;
			buildSettings = {
				ALWAYS_EMBED_SWIFT_STANDARD_LIBRARIES = YES;
				BUNDLE_LOADER = "$(TEST_HOST)";
				CODE_SIGN_STYLE = Automatic;
				INFOPLIST_FILE = AzkarTests/Info.plist;
				IPHONEOS_DEPLOYMENT_TARGET = 13.2;
				LD_RUNPATH_SEARCH_PATHS = (
					"$(inherited)",
					"@executable_path/Frameworks",
					"@loader_path/Frameworks",
				);
				PRODUCT_BUNDLE_IDENTIFIER = com.zeidex.AzkarTests;
				PRODUCT_NAME = "$(TARGET_NAME)";
				SWIFT_VERSION = 5.0;
				TARGETED_DEVICE_FAMILY = "1,2";
				TEST_HOST = "$(BUILT_PRODUCTS_DIR)/Azkar.app/Azkar";
			};
			name = Debug;
		};
		1450483F2598BF0100513820 /* Release */ = {
			isa = XCBuildConfiguration;
			baseConfigurationReference = 142854EEB5A5971F4CC367B0 /* Pods-AzkarTests.release.xcconfig */;
			buildSettings = {
				ALWAYS_EMBED_SWIFT_STANDARD_LIBRARIES = YES;
				BUNDLE_LOADER = "$(TEST_HOST)";
				CODE_SIGN_STYLE = Automatic;
				INFOPLIST_FILE = AzkarTests/Info.plist;
				IPHONEOS_DEPLOYMENT_TARGET = 13.2;
				LD_RUNPATH_SEARCH_PATHS = (
					"$(inherited)",
					"@executable_path/Frameworks",
					"@loader_path/Frameworks",
				);
				PRODUCT_BUNDLE_IDENTIFIER = com.zeidex.AzkarTests;
				PRODUCT_NAME = "$(TARGET_NAME)";
				SWIFT_VERSION = 5.0;
				TARGETED_DEVICE_FAMILY = "1,2";
				TEST_HOST = "$(BUILT_PRODUCTS_DIR)/Azkar.app/Azkar";
			};
			name = Release;
		};
		145048412598BF0100513820 /* Debug */ = {
			isa = XCBuildConfiguration;
			baseConfigurationReference = 928A6AB410DEA90A13043EDC /* Pods-AzkarUITests.debug.xcconfig */;
			buildSettings = {
				ALWAYS_EMBED_SWIFT_STANDARD_LIBRARIES = YES;
				CODE_SIGN_STYLE = Automatic;
				INFOPLIST_FILE = AzkarUITests/Info.plist;
				LD_RUNPATH_SEARCH_PATHS = (
					"$(inherited)",
					"@executable_path/Frameworks",
					"@loader_path/Frameworks",
				);
				PRODUCT_BUNDLE_IDENTIFIER = com.zeidex.AzkarUITests;
				PRODUCT_NAME = "$(TARGET_NAME)";
				SWIFT_VERSION = 5.0;
				TARGETED_DEVICE_FAMILY = "1,2";
				TEST_TARGET_NAME = Azkar;
			};
			name = Debug;
		};
		145048422598BF0100513820 /* Release */ = {
			isa = XCBuildConfiguration;
			baseConfigurationReference = 8E9BF5925CB0AEF4187792BB /* Pods-AzkarUITests.release.xcconfig */;
			buildSettings = {
				ALWAYS_EMBED_SWIFT_STANDARD_LIBRARIES = YES;
				CODE_SIGN_STYLE = Automatic;
				INFOPLIST_FILE = AzkarUITests/Info.plist;
				LD_RUNPATH_SEARCH_PATHS = (
					"$(inherited)",
					"@executable_path/Frameworks",
					"@loader_path/Frameworks",
				);
				PRODUCT_BUNDLE_IDENTIFIER = com.zeidex.AzkarUITests;
				PRODUCT_NAME = "$(TARGET_NAME)";
				SWIFT_VERSION = 5.0;
				TARGETED_DEVICE_FAMILY = "1,2";
				TEST_TARGET_NAME = Azkar;
			};
			name = Release;
		};
/* End XCBuildConfiguration section */

/* Begin XCConfigurationList section */
		145048082598BEFF00513820 /* Build configuration list for PBXProject "Azkar" */ = {
			isa = XCConfigurationList;
			buildConfigurations = (
				145048382598BF0100513820 /* Debug */,
				145048392598BF0100513820 /* Release */,
			);
			defaultConfigurationIsVisible = 0;
			defaultConfigurationName = Release;
		};
		1450483A2598BF0100513820 /* Build configuration list for PBXNativeTarget "Azkar" */ = {
			isa = XCConfigurationList;
			buildConfigurations = (
				1450483B2598BF0100513820 /* Debug */,
				1450483C2598BF0100513820 /* Release */,
			);
			defaultConfigurationIsVisible = 0;
			defaultConfigurationName = Release;
		};
		1450483D2598BF0100513820 /* Build configuration list for PBXNativeTarget "AzkarTests" */ = {
			isa = XCConfigurationList;
			buildConfigurations = (
				1450483E2598BF0100513820 /* Debug */,
				1450483F2598BF0100513820 /* Release */,
			);
			defaultConfigurationIsVisible = 0;
			defaultConfigurationName = Release;
		};
		145048402598BF0100513820 /* Build configuration list for PBXNativeTarget "AzkarUITests" */ = {
			isa = XCConfigurationList;
			buildConfigurations = (
				145048412598BF0100513820 /* Debug */,
				145048422598BF0100513820 /* Release */,
			);
			defaultConfigurationIsVisible = 0;
			defaultConfigurationName = Release;
		};
/* End XCConfigurationList section */

/* Begin XCVersionGroup section */
		145048192598BEFF00513820 /* Azkar.xcdatamodeld */ = {
			isa = XCVersionGroup;
			children = (
				1450481A2598BEFF00513820 /* Azkar.xcdatamodel */,
			);
			currentVersion = 1450481A2598BEFF00513820 /* Azkar.xcdatamodel */;
			path = Azkar.xcdatamodeld;
			sourceTree = "<group>";
			versionGroupType = wrapper.xcdatamodel;
		};
/* End XCVersionGroup section */
	};
	rootObject = 145048052598BEFF00513820 /* Project object */;
}
